// !$*UTF8*$!
{
	archiveVersion = 1;
	classes = {
	};
	objectVersion = 52;
	objects = {

/* Begin PBXBuildFile section */
		901CA88323BE6B3E0066524F /* AppDelegate.swift in Sources */ = {isa = PBXBuildFile; fileRef = 901CA88223BE6B3E0066524F /* AppDelegate.swift */; };
		901CA88523BE6B3E0066524F /* SceneDelegate.swift in Sources */ = {isa = PBXBuildFile; fileRef = 901CA88423BE6B3E0066524F /* SceneDelegate.swift */; };
		901CA88723BE6B3E0066524F /* MainViewController.swift in Sources */ = {isa = PBXBuildFile; fileRef = 901CA88623BE6B3E0066524F /* MainViewController.swift */; };
		901CA88C23BE6B430066524F /* Assets.xcassets in Resources */ = {isa = PBXBuildFile; fileRef = 901CA88B23BE6B430066524F /* Assets.xcassets */; };
		901CA88F23BE6B430066524F /* LaunchScreen.storyboard in Resources */ = {isa = PBXBuildFile; fileRef = 901CA88D23BE6B430066524F /* LaunchScreen.storyboard */; };
		901CA89823BE6DF00066524F /* RxSwift in Frameworks */ = {isa = PBXBuildFile; productRef = 901CA89723BE6DF00066524F /* RxSwift */; };
		901CA89A23BE6DF00066524F /* RxCocoa in Frameworks */ = {isa = PBXBuildFile; productRef = 901CA89923BE6DF00066524F /* RxCocoa */; };
		901CA8A023BE702E0066524F /* SWApi-Moya.swift in Sources */ = {isa = PBXBuildFile; fileRef = 901CA89F23BE702E0066524F /* SWApi-Moya.swift */; };
		901CA8A423BE72500066524F /* Button.swift in Sources */ = {isa = PBXBuildFile; fileRef = 901CA8A323BE72500066524F /* Button.swift */; };
		901CA8AB23BF74630066524F /* PeopleViewController.swift in Sources */ = {isa = PBXBuildFile; fileRef = 901CA8AA23BF74630066524F /* PeopleViewController.swift */; };
		901CA8AD23BF93880066524F /* Alert.swift in Sources */ = {isa = PBXBuildFile; fileRef = 901CA8AC23BF93880066524F /* Alert.swift */; };
		901CA8B023C3D3E40066524F /* People.swift in Sources */ = {isa = PBXBuildFile; fileRef = 901CA8AF23C3D3E30066524F /* People.swift */; };
		90CCE86A23C3DE17000CAF5F /* Moya in Frameworks */ = {isa = PBXBuildFile; productRef = 90CCE86923C3DE17000CAF5F /* Moya */; };
		90CCE86C23C3DE17000CAF5F /* RxMoya in Frameworks */ = {isa = PBXBuildFile; productRef = 90CCE86B23C3DE17000CAF5F /* RxMoya */; };
		90CCE86E23C4817C000CAF5F /* SWApi+Moya.swift in Sources */ = {isa = PBXBuildFile; fileRef = 90CCE86D23C4817C000CAF5F /* SWApi+Moya.swift */; };
		90CCE87123C487F4000CAF5F /* PeopleRepository.swift in Sources */ = {isa = PBXBuildFile; fileRef = 90CCE87023C487F4000CAF5F /* PeopleRepository.swift */; };
		90CCE87323C48A14000CAF5F /* PeopleViewModel.swift in Sources */ = {isa = PBXBuildFile; fileRef = 90CCE87223C48A14000CAF5F /* PeopleViewModel.swift */; };
		90FDE30123C8A0A9004443EF /* APIRequest.swift in Sources */ = {isa = PBXBuildFile; fileRef = 90FDE30023C8A0A9004443EF /* APIRequest.swift */; };
		90FDE30323C8A23A004443EF /* Requests.swift in Sources */ = {isa = PBXBuildFile; fileRef = 90FDE30223C8A23A004443EF /* Requests.swift */; };
		90FDE30523C8A2BE004443EF /* SWApi.swift in Sources */ = {isa = PBXBuildFile; fileRef = 90FDE30423C8A2BE004443EF /* SWApi.swift */; };
		90FDE30723CC529B004443EF /* |>.swift in Sources */ = {isa = PBXBuildFile; fileRef = 90FDE30623CC529B004443EF /* |>.swift */; };
		90FDE30923CC53C9004443EF /* >>>.swift in Sources */ = {isa = PBXBuildFile; fileRef = 90FDE30823CC53C9004443EF /* >>>.swift */; };
		90FDE30B23CC5697004443EF /* >=>.swift in Sources */ = {isa = PBXBuildFile; fileRef = 90FDE30A23CC5697004443EF /* >=>.swift */; };
		90FDE30D23CCC35D004443EF /* <>.swift in Sources */ = {isa = PBXBuildFile; fileRef = 90FDE30C23CCC35D004443EF /* <>.swift */; };
		90FDE30F23CCCDCA004443EF /* View.swift in Sources */ = {isa = PBXBuildFile; fileRef = 90FDE30E23CCCDCA004443EF /* View.swift */; };
		90FDE31123CCCF49004443EF /* Label.swift in Sources */ = {isa = PBXBuildFile; fileRef = 90FDE31023CCCF49004443EF /* Label.swift */; };
		90FDE31323CCD72D004443EF /* PeopleView.swift in Sources */ = {isa = PBXBuildFile; fileRef = 90FDE31223CCD72D004443EF /* PeopleView.swift */; };
/* End PBXBuildFile section */

/* Begin PBXFileReference section */
		901CA87F23BE6B3E0066524F /* star-wars-app.app */ = {isa = PBXFileReference; explicitFileType = wrapper.application; includeInIndex = 0; path = "star-wars-app.app"; sourceTree = BUILT_PRODUCTS_DIR; };
		901CA88223BE6B3E0066524F /* AppDelegate.swift */ = {isa = PBXFileReference; lastKnownFileType = sourcecode.swift; path = AppDelegate.swift; sourceTree = "<group>"; };
		901CA88423BE6B3E0066524F /* SceneDelegate.swift */ = {isa = PBXFileReference; lastKnownFileType = sourcecode.swift; path = SceneDelegate.swift; sourceTree = "<group>"; };
		901CA88623BE6B3E0066524F /* MainViewController.swift */ = {isa = PBXFileReference; lastKnownFileType = sourcecode.swift; path = MainViewController.swift; sourceTree = "<group>"; };
		901CA88B23BE6B430066524F /* Assets.xcassets */ = {isa = PBXFileReference; lastKnownFileType = folder.assetcatalog; path = Assets.xcassets; sourceTree = "<group>"; };
		901CA88E23BE6B430066524F /* Base */ = {isa = PBXFileReference; lastKnownFileType = file.storyboard; name = Base; path = Base.lproj/LaunchScreen.storyboard; sourceTree = "<group>"; };
		901CA89023BE6B430066524F /* Info.plist */ = {isa = PBXFileReference; lastKnownFileType = text.plist.xml; path = Info.plist; sourceTree = "<group>"; };
		901CA89F23BE702E0066524F /* SWApi-Moya.swift */ = {isa = PBXFileReference; lastKnownFileType = sourcecode.swift; path = "SWApi-Moya.swift"; sourceTree = "<group>"; };
		901CA8A323BE72500066524F /* Button.swift */ = {isa = PBXFileReference; lastKnownFileType = sourcecode.swift; path = Button.swift; sourceTree = "<group>"; };
		901CA8AA23BF74630066524F /* PeopleViewController.swift */ = {isa = PBXFileReference; lastKnownFileType = sourcecode.swift; path = PeopleViewController.swift; sourceTree = "<group>"; };
		901CA8AC23BF93880066524F /* Alert.swift */ = {isa = PBXFileReference; lastKnownFileType = sourcecode.swift; path = Alert.swift; sourceTree = "<group>"; };
		901CA8AF23C3D3E30066524F /* People.swift */ = {isa = PBXFileReference; lastKnownFileType = sourcecode.swift; path = People.swift; sourceTree = "<group>"; };
		90CCE86D23C4817C000CAF5F /* SWApi+Moya.swift */ = {isa = PBXFileReference; lastKnownFileType = sourcecode.swift; path = "SWApi+Moya.swift"; sourceTree = "<group>"; };
		90CCE87023C487F4000CAF5F /* PeopleRepository.swift */ = {isa = PBXFileReference; lastKnownFileType = sourcecode.swift; path = PeopleRepository.swift; sourceTree = "<group>"; };
		90CCE87223C48A14000CAF5F /* PeopleViewModel.swift */ = {isa = PBXFileReference; lastKnownFileType = sourcecode.swift; path = PeopleViewModel.swift; sourceTree = "<group>"; };
		90FDE30023C8A0A9004443EF /* APIRequest.swift */ = {isa = PBXFileReference; lastKnownFileType = sourcecode.swift; path = APIRequest.swift; sourceTree = "<group>"; };
		90FDE30223C8A23A004443EF /* Requests.swift */ = {isa = PBXFileReference; lastKnownFileType = sourcecode.swift; path = Requests.swift; sourceTree = "<group>"; };
		90FDE30423C8A2BE004443EF /* SWApi.swift */ = {isa = PBXFileReference; lastKnownFileType = sourcecode.swift; path = SWApi.swift; sourceTree = "<group>"; };
		90FDE30623CC529B004443EF /* |>.swift */ = {isa = PBXFileReference; lastKnownFileType = sourcecode.swift; path = "|>.swift"; sourceTree = "<group>"; };
		90FDE30823CC53C9004443EF /* >>>.swift */ = {isa = PBXFileReference; lastKnownFileType = sourcecode.swift; path = ">>>.swift"; sourceTree = "<group>"; };
		90FDE30A23CC5697004443EF /* >=>.swift */ = {isa = PBXFileReference; lastKnownFileType = sourcecode.swift; path = ">=>.swift"; sourceTree = "<group>"; };
		90FDE30C23CCC35D004443EF /* <>.swift */ = {isa = PBXFileReference; lastKnownFileType = sourcecode.swift; path = "<>.swift"; sourceTree = "<group>"; };
		90FDE30E23CCCDCA004443EF /* View.swift */ = {isa = PBXFileReference; lastKnownFileType = sourcecode.swift; path = View.swift; sourceTree = "<group>"; };
		90FDE31023CCCF49004443EF /* Label.swift */ = {isa = PBXFileReference; lastKnownFileType = sourcecode.swift; path = Label.swift; sourceTree = "<group>"; };
		90FDE31223CCD72D004443EF /* PeopleView.swift */ = {isa = PBXFileReference; lastKnownFileType = sourcecode.swift; path = PeopleView.swift; sourceTree = "<group>"; };
/* End PBXFileReference section */

/* Begin PBXFrameworksBuildPhase section */
		901CA87C23BE6B3E0066524F /* Frameworks */ = {
			isa = PBXFrameworksBuildPhase;
			buildActionMask = 2147483647;
			files = (
				90CCE86C23C3DE17000CAF5F /* RxMoya in Frameworks */,
				901CA89A23BE6DF00066524F /* RxCocoa in Frameworks */,
				901CA89823BE6DF00066524F /* RxSwift in Frameworks */,
				90CCE86A23C3DE17000CAF5F /* Moya in Frameworks */,
			);
			runOnlyForDeploymentPostprocessing = 0;
		};
/* End PBXFrameworksBuildPhase section */

/* Begin PBXGroup section */
		1C474BE092347714B299DE12 /* Pods */ = {
			isa = PBXGroup;
			children = (
			);
			path = Pods;
			sourceTree = "<group>";
		};
		901CA87623BE6B3E0066524F = {
			isa = PBXGroup;
			children = (
				901CA88123BE6B3E0066524F /* star-wars-app */,
				901CA88023BE6B3E0066524F /* Products */,
				1C474BE092347714B299DE12 /* Pods */,
			);
			sourceTree = "<group>";
		};
		901CA88023BE6B3E0066524F /* Products */ = {
			isa = PBXGroup;
			children = (
				901CA87F23BE6B3E0066524F /* star-wars-app.app */,
			);
			name = Products;
			sourceTree = "<group>";
		};
		901CA88123BE6B3E0066524F /* star-wars-app */ = {
			isa = PBXGroup;
			children = (
				90FDE2FD23C77C9D004443EF /* Common */,
				90CCE86F23C487E5000CAF5F /* Repositories */,
				901CA8AE23C3D3C80066524F /* Models */,
				901CA8A223BE72040066524F /* UI */,
				901CA89E23BE6FA80066524F /* Network */,
				901CA89C23BE6E390066524F /* Pages */,
				901CA89B23BE6E160066524F /* SupportingFiles */,
				901CA89023BE6B430066524F /* Info.plist */,
			);
			path = "star-wars-app";
			sourceTree = "<group>";
		};
		901CA89B23BE6E160066524F /* SupportingFiles */ = {
			isa = PBXGroup;
			children = (
				901CA88223BE6B3E0066524F /* AppDelegate.swift */,
				901CA88423BE6B3E0066524F /* SceneDelegate.swift */,
				901CA88B23BE6B430066524F /* Assets.xcassets */,
				901CA88D23BE6B430066524F /* LaunchScreen.storyboard */,
			);
			path = SupportingFiles;
			sourceTree = "<group>";
		};
		901CA89C23BE6E390066524F /* Pages */ = {
			isa = PBXGroup;
			children = (
				901CA8A723BF742C0066524F /* People */,
				901CA89D23BE6E520066524F /* Main */,
			);
			path = Pages;
			sourceTree = "<group>";
		};
		901CA89D23BE6E520066524F /* Main */ = {
			isa = PBXGroup;
			children = (
				901CA88623BE6B3E0066524F /* MainViewController.swift */,
			);
			path = Main;
			sourceTree = "<group>";
		};
		901CA89E23BE6FA80066524F /* Network */ = {
			isa = PBXGroup;
			children = (
				901CA89F23BE702E0066524F /* SWApi-Moya.swift */,
				90CCE86D23C4817C000CAF5F /* SWApi+Moya.swift */,
				90FDE30023C8A0A9004443EF /* APIRequest.swift */,
				90FDE30223C8A23A004443EF /* Requests.swift */,
				90FDE30423C8A2BE004443EF /* SWApi.swift */,
			);
			path = Network;
			sourceTree = "<group>";
		};
		901CA8A223BE72040066524F /* UI */ = {
			isa = PBXGroup;
			children = (
				901CA8A323BE72500066524F /* Button.swift */,
				901CA8AC23BF93880066524F /* Alert.swift */,
				90FDE30E23CCCDCA004443EF /* View.swift */,
				90FDE31023CCCF49004443EF /* Label.swift */,
			);
			path = UI;
			sourceTree = "<group>";
		};
		901CA8A723BF742C0066524F /* People */ = {
			isa = PBXGroup;
			children = (
				901CA8AA23BF74630066524F /* PeopleViewController.swift */,
				90CCE87223C48A14000CAF5F /* PeopleViewModel.swift */,
				90FDE31223CCD72D004443EF /* PeopleView.swift */,
			);
			path = People;
			sourceTree = "<group>";
		};
		901CA8AE23C3D3C80066524F /* Models */ = {
			isa = PBXGroup;
			children = (
				901CA8AF23C3D3E30066524F /* People.swift */,
			);
			path = Models;
			sourceTree = "<group>";
		};
		90CCE86F23C487E5000CAF5F /* Repositories */ = {
			isa = PBXGroup;
			children = (
				90CCE87023C487F4000CAF5F /* PeopleRepository.swift */,
			);
			path = Repositories;
			sourceTree = "<group>";
		};
		90FDE2FD23C77C9D004443EF /* Common */ = {
			isa = PBXGroup;
			children = (
				90FDE30623CC529B004443EF /* |>.swift */,
				90FDE30823CC53C9004443EF /* >>>.swift */,
				90FDE30A23CC5697004443EF /* >=>.swift */,
				90FDE30C23CCC35D004443EF /* <>.swift */,
			);
			path = Common;
			sourceTree = "<group>";
		};
/* End PBXGroup section */

/* Begin PBXNativeTarget section */
		901CA87E23BE6B3E0066524F /* star-wars-app */ = {
			isa = PBXNativeTarget;
			buildConfigurationList = 901CA89323BE6B430066524F /* Build configuration list for PBXNativeTarget "star-wars-app" */;
			buildPhases = (
				901CA87B23BE6B3E0066524F /* Sources */,
				901CA87C23BE6B3E0066524F /* Frameworks */,
				901CA87D23BE6B3E0066524F /* Resources */,
			);
			buildRules = (
			);
			dependencies = (
			);
			name = "star-wars-app";
			packageProductDependencies = (
				901CA89723BE6DF00066524F /* RxSwift */,
				901CA89923BE6DF00066524F /* RxCocoa */,
				90CCE86923C3DE17000CAF5F /* Moya */,
				90CCE86B23C3DE17000CAF5F /* RxMoya */,
			);
			productName = "star-wars-app";
			productReference = 901CA87F23BE6B3E0066524F /* star-wars-app.app */;
			productType = "com.apple.product-type.application";
		};
/* End PBXNativeTarget section */

/* Begin PBXProject section */
		901CA87723BE6B3E0066524F /* Project object */ = {
			isa = PBXProject;
			attributes = {
				LastSwiftUpdateCheck = 1110;
				LastUpgradeCheck = 1110;
				ORGANIZATIONNAME = "Michal Nowak";
				TargetAttributes = {
					901CA87E23BE6B3E0066524F = {
						CreatedOnToolsVersion = 11.1;
					};
				};
			};
			buildConfigurationList = 901CA87A23BE6B3E0066524F /* Build configuration list for PBXProject "star-wars-app" */;
			compatibilityVersion = "Xcode 9.3";
			developmentRegion = en;
			hasScannedForEncodings = 0;
			knownRegions = (
				en,
				Base,
			);
			mainGroup = 901CA87623BE6B3E0066524F;
			packageReferences = (
				901CA89623BE6DF00066524F /* XCRemoteSwiftPackageReference "RxSwift" */,
				90CCE86823C3DE17000CAF5F /* XCRemoteSwiftPackageReference "Moya" */,
			);
			productRefGroup = 901CA88023BE6B3E0066524F /* Products */;
			projectDirPath = "";
			projectRoot = "";
			targets = (
				901CA87E23BE6B3E0066524F /* star-wars-app */,
			);
		};
/* End PBXProject section */

/* Begin PBXResourcesBuildPhase section */
		901CA87D23BE6B3E0066524F /* Resources */ = {
			isa = PBXResourcesBuildPhase;
			buildActionMask = 2147483647;
			files = (
				901CA88F23BE6B430066524F /* LaunchScreen.storyboard in Resources */,
				901CA88C23BE6B430066524F /* Assets.xcassets in Resources */,
			);
			runOnlyForDeploymentPostprocessing = 0;
		};
/* End PBXResourcesBuildPhase section */

/* Begin PBXSourcesBuildPhase section */
		901CA87B23BE6B3E0066524F /* Sources */ = {
			isa = PBXSourcesBuildPhase;
			buildActionMask = 2147483647;
			files = (
				90CCE86E23C4817C000CAF5F /* SWApi+Moya.swift in Sources */,
				90FDE30B23CC5697004443EF /* >=>.swift in Sources */,
				90FDE31323CCD72D004443EF /* PeopleView.swift in Sources */,
				90CCE87323C48A14000CAF5F /* PeopleViewModel.swift in Sources */,
				901CA88723BE6B3E0066524F /* MainViewController.swift in Sources */,
				901CA8AB23BF74630066524F /* PeopleViewController.swift in Sources */,
				90FDE30323C8A23A004443EF /* Requests.swift in Sources */,
				90FDE30F23CCCDCA004443EF /* View.swift in Sources */,
				901CA88323BE6B3E0066524F /* AppDelegate.swift in Sources */,
				90FDE30523C8A2BE004443EF /* SWApi.swift in Sources */,
				90FDE30723CC529B004443EF /* |>.swift in Sources */,
				901CA8B023C3D3E40066524F /* People.swift in Sources */,
				90CCE87123C487F4000CAF5F /* PeopleRepository.swift in Sources */,
				90FDE30D23CCC35D004443EF /* <>.swift in Sources */,
				901CA8A423BE72500066524F /* Button.swift in Sources */,
				901CA8A023BE702E0066524F /* SWApi-Moya.swift in Sources */,
				901CA8AD23BF93880066524F /* Alert.swift in Sources */,
				90FDE30123C8A0A9004443EF /* APIRequest.swift in Sources */,
				90FDE30923CC53C9004443EF /* >>>.swift in Sources */,
				90FDE31123CCCF49004443EF /* Label.swift in Sources */,
				901CA88523BE6B3E0066524F /* SceneDelegate.swift in Sources */,
			);
			runOnlyForDeploymentPostprocessing = 0;
		};
/* End PBXSourcesBuildPhase section */

/* Begin PBXVariantGroup section */
		901CA88D23BE6B430066524F /* LaunchScreen.storyboard */ = {
			isa = PBXVariantGroup;
			children = (
				901CA88E23BE6B430066524F /* Base */,
			);
			name = LaunchScreen.storyboard;
			sourceTree = "<group>";
		};
/* End PBXVariantGroup section */

/* Begin XCBuildConfiguration section */
		901CA89123BE6B430066524F /* Debug */ = {
			isa = XCBuildConfiguration;
			buildSettings = {
				ALWAYS_SEARCH_USER_PATHS = NO;
				CLANG_ANALYZER_NONNULL = YES;
				CLANG_ANALYZER_NUMBER_OBJECT_CONVERSION = YES_AGGRESSIVE;
				CLANG_CXX_LANGUAGE_STANDARD = "gnu++14";
				CLANG_CXX_LIBRARY = "libc++";
				CLANG_ENABLE_MODULES = YES;
				CLANG_ENABLE_OBJC_ARC = YES;
				CLANG_ENABLE_OBJC_WEAK = YES;
				CLANG_WARN_BLOCK_CAPTURE_AUTORELEASING = YES;
				CLANG_WARN_BOOL_CONVERSION = YES;
				CLANG_WARN_COMMA = YES;
				CLANG_WARN_CONSTANT_CONVERSION = YES;
				CLANG_WARN_DEPRECATED_OBJC_IMPLEMENTATIONS = YES;
				CLANG_WARN_DIRECT_OBJC_ISA_USAGE = YES_ERROR;
				CLANG_WARN_DOCUMENTATION_COMMENTS = YES;
				CLANG_WARN_EMPTY_BODY = YES;
				CLANG_WARN_ENUM_CONVERSION = YES;
				CLANG_WARN_INFINITE_RECURSION = YES;
				CLANG_WARN_INT_CONVERSION = YES;
				CLANG_WARN_NON_LITERAL_NULL_CONVERSION = YES;
				CLANG_WARN_OBJC_IMPLICIT_RETAIN_SELF = YES;
				CLANG_WARN_OBJC_LITERAL_CONVERSION = YES;
				CLANG_WARN_OBJC_ROOT_CLASS = YES_ERROR;
				CLANG_WARN_RANGE_LOOP_ANALYSIS = YES;
				CLANG_WARN_STRICT_PROTOTYPES = YES;
				CLANG_WARN_SUSPICIOUS_MOVE = YES;
				CLANG_WARN_UNGUARDED_AVAILABILITY = YES_AGGRESSIVE;
				CLANG_WARN_UNREACHABLE_CODE = YES;
				CLANG_WARN__DUPLICATE_METHOD_MATCH = YES;
				COPY_PHASE_STRIP = NO;
				DEBUG_INFORMATION_FORMAT = dwarf;
				ENABLE_STRICT_OBJC_MSGSEND = YES;
				ENABLE_TESTABILITY = YES;
				GCC_C_LANGUAGE_STANDARD = gnu11;
				GCC_DYNAMIC_NO_PIC = NO;
				GCC_NO_COMMON_BLOCKS = YES;
				GCC_OPTIMIZATION_LEVEL = 0;
				GCC_PREPROCESSOR_DEFINITIONS = (
					"DEBUG=1",
					"$(inherited)",
				);
				GCC_WARN_64_TO_32_BIT_CONVERSION = YES;
				GCC_WARN_ABOUT_RETURN_TYPE = YES_ERROR;
				GCC_WARN_UNDECLARED_SELECTOR = YES;
				GCC_WARN_UNINITIALIZED_AUTOS = YES_AGGRESSIVE;
				GCC_WARN_UNUSED_FUNCTION = YES;
				GCC_WARN_UNUSED_VARIABLE = YES;
				IPHONEOS_DEPLOYMENT_TARGET = 13.1;
				MTL_ENABLE_DEBUG_INFO = INCLUDE_SOURCE;
				MTL_FAST_MATH = YES;
				ONLY_ACTIVE_ARCH = YES;
				SDKROOT = iphoneos;
				SWIFT_ACTIVE_COMPILATION_CONDITIONS = DEBUG;
				SWIFT_OPTIMIZATION_LEVEL = "-Onone";
			};
			name = Debug;
		};
		901CA89223BE6B430066524F /* Release */ = {
			isa = XCBuildConfiguration;
			buildSettings = {
				ALWAYS_SEARCH_USER_PATHS = NO;
				CLANG_ANALYZER_NONNULL = YES;
				CLANG_ANALYZER_NUMBER_OBJECT_CONVERSION = YES_AGGRESSIVE;
				CLANG_CXX_LANGUAGE_STANDARD = "gnu++14";
				CLANG_CXX_LIBRARY = "libc++";
				CLANG_ENABLE_MODULES = YES;
				CLANG_ENABLE_OBJC_ARC = YES;
				CLANG_ENABLE_OBJC_WEAK = YES;
				CLANG_WARN_BLOCK_CAPTURE_AUTORELEASING = YES;
				CLANG_WARN_BOOL_CONVERSION = YES;
				CLANG_WARN_COMMA = YES;
				CLANG_WARN_CONSTANT_CONVERSION = YES;
				CLANG_WARN_DEPRECATED_OBJC_IMPLEMENTATIONS = YES;
				CLANG_WARN_DIRECT_OBJC_ISA_USAGE = YES_ERROR;
				CLANG_WARN_DOCUMENTATION_COMMENTS = YES;
				CLANG_WARN_EMPTY_BODY = YES;
				CLANG_WARN_ENUM_CONVERSION = YES;
				CLANG_WARN_INFINITE_RECURSION = YES;
				CLANG_WARN_INT_CONVERSION = YES;
				CLANG_WARN_NON_LITERAL_NULL_CONVERSION = YES;
				CLANG_WARN_OBJC_IMPLICIT_RETAIN_SELF = YES;
				CLANG_WARN_OBJC_LITERAL_CONVERSION = YES;
				CLANG_WARN_OBJC_ROOT_CLASS = YES_ERROR;
				CLANG_WARN_RANGE_LOOP_ANALYSIS = YES;
				CLANG_WARN_STRICT_PROTOTYPES = YES;
				CLANG_WARN_SUSPICIOUS_MOVE = YES;
				CLANG_WARN_UNGUARDED_AVAILABILITY = YES_AGGRESSIVE;
				CLANG_WARN_UNREACHABLE_CODE = YES;
				CLANG_WARN__DUPLICATE_METHOD_MATCH = YES;
				COPY_PHASE_STRIP = NO;
				DEBUG_INFORMATION_FORMAT = "dwarf-with-dsym";
				ENABLE_NS_ASSERTIONS = NO;
				ENABLE_STRICT_OBJC_MSGSEND = YES;
				GCC_C_LANGUAGE_STANDARD = gnu11;
				GCC_NO_COMMON_BLOCKS = YES;
				GCC_WARN_64_TO_32_BIT_CONVERSION = YES;
				GCC_WARN_ABOUT_RETURN_TYPE = YES_ERROR;
				GCC_WARN_UNDECLARED_SELECTOR = YES;
				GCC_WARN_UNINITIALIZED_AUTOS = YES_AGGRESSIVE;
				GCC_WARN_UNUSED_FUNCTION = YES;
				GCC_WARN_UNUSED_VARIABLE = YES;
				IPHONEOS_DEPLOYMENT_TARGET = 13.1;
				MTL_ENABLE_DEBUG_INFO = NO;
				MTL_FAST_MATH = YES;
				SDKROOT = iphoneos;
				SWIFT_COMPILATION_MODE = wholemodule;
				SWIFT_OPTIMIZATION_LEVEL = "-O";
				VALIDATE_PRODUCT = YES;
			};
			name = Release;
		};
		901CA89423BE6B430066524F /* Debug */ = {
			isa = XCBuildConfiguration;
			buildSettings = {
				ASSETCATALOG_COMPILER_APPICON_NAME = AppIcon;
				CODE_SIGN_STYLE = Automatic;
				INFOPLIST_FILE = "star-wars-app/Info.plist";
				LD_RUNPATH_SEARCH_PATHS = (
					"$(inherited)",
					"@executable_path/Frameworks",
				);
				PRODUCT_BUNDLE_IDENTIFIER = "mhnowakk.star-wars-app";
				PRODUCT_NAME = "$(TARGET_NAME)";
				SWIFT_VERSION = 5.0;
				TARGETED_DEVICE_FAMILY = "1,2";
			};
			name = Debug;
		};
		901CA89523BE6B430066524F /* Release */ = {
			isa = XCBuildConfiguration;
			buildSettings = {
				ASSETCATALOG_COMPILER_APPICON_NAME = AppIcon;
				CODE_SIGN_STYLE = Automatic;
				INFOPLIST_FILE = "star-wars-app/Info.plist";
				LD_RUNPATH_SEARCH_PATHS = (
					"$(inherited)",
					"@executable_path/Frameworks",
				);
				PRODUCT_BUNDLE_IDENTIFIER = "mhnowakk.star-wars-app";
				PRODUCT_NAME = "$(TARGET_NAME)";
				SWIFT_VERSION = 5.0;
				TARGETED_DEVICE_FAMILY = "1,2";
			};
			name = Release;
		};
/* End XCBuildConfiguration section */

/* Begin XCConfigurationList section */
		901CA87A23BE6B3E0066524F /* Build configuration list for PBXProject "star-wars-app" */ = {
			isa = XCConfigurationList;
			buildConfigurations = (
				901CA89123BE6B430066524F /* Debug */,
				901CA89223BE6B430066524F /* Release */,
			);
			defaultConfigurationIsVisible = 0;
			defaultConfigurationName = Release;
		};
		901CA89323BE6B430066524F /* Build configuration list for PBXNativeTarget "star-wars-app" */ = {
			isa = XCConfigurationList;
			buildConfigurations = (
				901CA89423BE6B430066524F /* Debug */,
				901CA89523BE6B430066524F /* Release */,
			);
			defaultConfigurationIsVisible = 0;
			defaultConfigurationName = Release;
		};
/* End XCConfigurationList section */

/* Begin XCRemoteSwiftPackageReference section */
		901CA89623BE6DF00066524F /* XCRemoteSwiftPackageReference "RxSwift" */ = {
			isa = XCRemoteSwiftPackageReference;
			repositoryURL = "https://github.com/ReactiveX/RxSwift";
			requirement = {
				kind = versionRange;
				maximumVersion = 6.0.0;
				minimumVersion = 4.0.0;
			};
		};
		90CCE86823C3DE17000CAF5F /* XCRemoteSwiftPackageReference "Moya" */ = {
			isa = XCRemoteSwiftPackageReference;
			repositoryURL = "https://github.com/Moya/Moya";
			requirement = {
				kind = upToNextMajorVersion;
				minimumVersion = 13.0.1;
			};
		};
/* End XCRemoteSwiftPackageReference section */

/* Begin XCSwiftPackageProductDependency section */
		901CA89723BE6DF00066524F /* RxSwift */ = {
			isa = XCSwiftPackageProductDependency;
			package = 901CA89623BE6DF00066524F /* XCRemoteSwiftPackageReference "RxSwift" */;
			productName = RxSwift;
		};
		901CA89923BE6DF00066524F /* RxCocoa */ = {
			isa = XCSwiftPackageProductDependency;
			package = 901CA89623BE6DF00066524F /* XCRemoteSwiftPackageReference "RxSwift" */;
			productName = RxCocoa;
		};
		90CCE86923C3DE17000CAF5F /* Moya */ = {
			isa = XCSwiftPackageProductDependency;
			package = 90CCE86823C3DE17000CAF5F /* XCRemoteSwiftPackageReference "Moya" */;
			productName = Moya;
		};
		90CCE86B23C3DE17000CAF5F /* RxMoya */ = {
			isa = XCSwiftPackageProductDependency;
			package = 90CCE86823C3DE17000CAF5F /* XCRemoteSwiftPackageReference "Moya" */;
			productName = RxMoya;
		};
/* End XCSwiftPackageProductDependency section */
	};
	rootObject = 901CA87723BE6B3E0066524F /* Project object */;
}
